
Microsoft Visual Studio Solution File, Format Version 12.00
# Visual Studio Version 17
VisualStudioVersion = 17.11.35222.181
MinimumVisualStudioVersion = 10.0.40219.1
Project("{FAE04EC0-301F-11D3-BF4B-00C04F79EFBC}") = "WpfApp1", "WpfApp1\WpfApp1.csproj", "{02D02CCA-0125-45C0-93FF-9DC345012586}"
EndProject
Global
	GlobalSection(SolutionConfigurationPlatforms) = preSolution
		Debug|Any CPU = Debug|Any CPU
		Release|Any CPU = Release|Any CPU
	EndGlobalSection
	GlobalSection(ProjectConfigurationPlatforms) = postSolution
		{02D02CCA-0125-45C0-93FF-9DC345012586}.Debug|Any CPU.ActiveCfg = Debug|Any CPU
		{02D02CCA-0125-45C0-93FF-9DC345012586}.Debug|Any CPU.Build.0 = Debug|Any CPU
		{02D02CCA-0125-45C0-93FF-9DC345012586}.Release|Any CPU.ActiveCfg = Release|Any CPU
		{02D02CCA-0125-45C0-93FF-9DC345012586}.Release|Any CPU.Build.0 = Release|Any CPU
	EndGlobalSection
	GlobalSection(SolutionProperties) = preSolution
		HideSolutionNode = FALSE
	EndGlobalSection
	GlobalSection(ExtensibilityGlobals) = postSolution
		SolutionGuid = {DBA36345-4CE0-4FE6-8668-E7DBB1A3D28B}
	EndGlobalSection
EndGlobal
